<?xml version="1.0" encoding="UTF-8" standalone="yes" ?>
<CodeBlocks_project_file>
	<FileVersion major="1" minor="6" />
	<Project>
		<Option title="OpenAVRc" />
		<Option platforms="Windows;" />
		<Option makefile_is_custom="1" />
		<Option execution_dir="../OpenAVRc" />
		<Option pch_mode="2" />
		<Option compiler="avr-gcc" />
		<MakeCommands>
			<Build command="$make -f $makefile $bracame" />
			<CompileFile command="$make -f $makefile $file" />
			<Clean command="$make -f $makefile clean" />
			<DistClean command="$make -f $makefile distclean$target" />
			<AskRebuildNeeded command="$make -q -f $makefile $bracame" />
			<SilentBuild command="$make -f $makefile $bracame &gt; $(CMD_NULL)" />
		</MakeCommands>
		<Build>
			<Target title="Release">
				<Option output="bin/Release/OpenAVRc.elf" prefix_auto="1" extension_auto="0" />
				<Option working_dir="" />
				<Option object_output="obj/Release/" />
				<Option type="5" />
				<Option compiler="avr-gcc" />
				<Option projectCompilerOptionsRelation="0" />
				<Option projectLinkerOptionsRelation="0" />
				<Option projectResourceIncludeDirsRelation="0" />
				<Compiler>
					<Add option="-Os" />
				</Compiler>
				<Environment>
					<Variable name="Antho" value="LCD=ST7920 DSM2=SERIAL FONT=SQT5 EXTERNALEEPROM=YES NAVIGATION=NO OFFSET_ON_INPUT=YES BOLD=YES 3POS=POT3 VOICE=JQ6500 NOANDSECONDE=YES EXT=FRSKY PCB=MEGAMINI TRANSLATIONS=FR TEMPLATES=YES HELI=YES GVARS=YES GPS=NO EEPROM_PROGRESS_BAR=YES DEFAULT_MODE=2 DBLKEYS=YES CURVES=YES AUTOSWITCH=YES AUTOSOURCE=NO HAPTIC=YES PPM_CENTER_ADJUSTABLE=YES PPM_LIMITS_SYMETRICAL=YES PPM_UNIT=PERCENT_PREC1 AUDIO=YES BATTGRAPH=YES HARDWARE_VOLUME=NO SDCARD=YES GPS=YES" />
					<Variable name="Banctestspimodules" value="LCD=KS108 XMODEM=YES DEBUGaa=UART_BT BLUETOOTH=YES SDCARD=YES LCDROT180=NO X_ANY=4 PWM_BACKLIGHT=NO EXT=FRSKY RTCLOCK=YES DSM2=SERIAL FONT=SQT5 EXTERNALEEPROM=YES NAVIGATION=STICKS OFFSET_ON_INPUT=YES BOLD=YES 3POS=POT3 VOICE=JQ6500 NOANDSECONDE=YES PCB=MEGAMINI TEMPLATES=YES HELI=YES GVARS=YES EEPROM_PROGRESS_BAR=YES DEFAULT_MODE=2 DBLKEYS=YES CURVES=YES AUTOSWITCH=YES AUTOSOURCE=NO HAPTIC=YES PPM_CENTER_ADJUSTABLE=YES PPM_LIMITS_SYMETRICAL=YES PPM_UNIT=PERCENT_PREC1 AUDIO=YES BATTGRAPH=YES HARDWARE_VOLUME=NO GPS=YES MULTIMODULE=YES SPIMODULES=YES CC2500=YES CC2500PAG=22 CYRF6936=YES CYRF6936PAG=22 NRF24L01=YES NRF24L01PAG=22 A7105=YES A7105PAG=22 TRANSLATIONS=FR" />
					<Variable name="Bayu_Test" value="PCB=MEGA2560 X_ANY=4 PWM_BACKLIGHT=NO EXT=FRSKY RTCLOCK=YES LCD=KS108 DSM2=SERIAL FONT=SQT5 EXTERNALEEPROM=YES NAVIGATION=STICKS OFFSET_ON_INPUT=YES BOLD=YES 3POS=POT3 VOICE=JQ6500 NOANDSECONDE=YES TRANSLATIONS=FR TEMPLATES=YES HELI=YES GVARS=YES EEPROM_PROGRESS_BAR=YES DEFAULT_MODE=2 DBLKEYS=YES CURVES=YES AUTOSWITCH=YES AUTOSOURCE=NO HAPTIC=YES PPM_CENTER_ADJUSTABLE=YES PPM_LIMITS_SYMETRICAL=YES PPM_UNIT=PERCENT_PREC1 AUDIO=YES BATTGRAPH=YES HARDWARE_VOLUME=NO GPS=YES MULTIMODULE=YES SPIMODULES=YES CC2500=YES CC2500PAG=22 CYRF6936=YES CYRF6936PAG=22 NRF24L01=YES SDCARD=NO" />
					<Variable name="DBG0" value="DEBUG=UART_BT LCDROT180=NO X_ANY=4 PWM_BACKLIGHT=NO EXTAAA=FRSKY RTCLOCK=YES LCD=KS108 DSM2AAA=SERIAL FONT=SQT5 EXTERNALEEPROM=YES NAVIGATION=STICKS OFFSET_ON_INPUT=YES BOLD=YES 3POS=POT3 VOICE=JQ6500 NOANDSECONDE=YES PCB=MEGAMINI TRANSLATIONS=FR TEMPLATES=YES HELI=YES GVARS=YES EEPROM_PROGRESS_BAR=YES DEFAULT_MODE=2 DBLKEYS=YES CURVES=YES AUTOSWITCH=YES AUTOSOURCE=NO HAPTIC=YES PPM_CENTER_ADJUSTABLE=YES PPM_LIMITS_SYMETRICAL=YES PPM_UNIT=PERCENT_PREC1 AUDIO=YES BATTGRAPH=YES HARDWARE_VOLUME=NO GPS=YES MULTIMODULEAAA=YES SPIMODULES=YES CC2500=YES CC2500PAG=22 CYRF6936=YES CYRF6936PAG=22 NRF24L01=YES A7105=YES SDCARD=YES" />
					<Variable name="EVO_V2" value="PCB=EVO_V2" />
					<Variable name="JPZ_V3" value="PCB=MEGA2560 SDCARD=NO TRANSLATIONS=FR OFFSET_ON_INPUT=YES BOLD=YES VOICE=JQ6500 LCD=ST7920 FONT=SQT5 EXTERNALEEPROM=YES 3POS=POT3 NOANDSECONDE=YES EMPLATES=YES NAVIGATION=STICKS HELI=NO GVARS=YES GPS=YES EEPROM_PROGRESS_BAR=YES DEFAULT_MODE=1 DBLKEYS=YES CURVES=YES AUTOSWITCH=YES AUTOSOURCE=NO HAPTIC=YES PPM_CENTER_ADJUSTABLE=YES PPM_LIMITS_SYMETRICAL=YES PPM_UNIT=US AUDIO=YES BATTGRAPH=YES HARDWARE_VOLUME=NO JITTER_FILTER=NO EXT=FRSKY SPLASH=YES" />
					<Variable name="Mataf" value="PCB=MEGAMINI LCD=NT7538SPI" />
					<Variable name="RC_Navy" value="PCB=MEGAMINI LCD=SH1106 VOICE=NO EXT=STD TTS=FR TRANSLATIONS=FR NAVIGATION=NO PPM_UNIT=PERCENT_PREC1 PPM=YES SPIMODULES=YES CC2500=YES CC2500PAG=22 THREE_POS=POT2 UNITS=METRIC DEFAULT_MODE=NO FONT=STD FAI=NO NOANDSECONDE=YES X_ANY=2" />
					<Variable name="ST7920" value="OFFSET_ON_INPUT=YES BOLD=YES VOICE=JQ6500 PCB=MEGA2560 TRANSLATIONS=FR LCD=ST7920 FONT=SQT5 NOANDSECONDE=YES TEMPLATES=YES NAVIGATION=NO HELI=YES GVARS=YES GPS=NO EEPROM_PROGRESS_BAR=YES DEFAULT_MODE=2 DBLKEYS=YES CURVES=YES AUTOSWITCH=YES AUTOSOURCE=YES HAPTIC=YES PPM_CENTER_ADJUSTABLE=YES PPM_LIMITS_SYMETRICAL=YES PPM_UNIT=PERCENT_PREC1 SDCARD=YES AUDIO=YES BATTGRAPH=YES HARDWARE_VOLUME=NO JITTER_FILTER=NO EXT=FRSKY SPLASH=YES" />
					<Variable name="banctest" value="LCD=KS108 EXTERNALEEPROM=YES NAVIGATION=STICKS SPLASH=YES" />
					<Variable name="pierrotm777_SSD1306_Inv" value="PCB=MEGAMINI LCD=SSD1306 LCDROT180=YES VOICE=JQ6500 EXT=FRSKY AUDIO=YES HELI=YES TTS=FR TRANSLATIONS=FR NAVIGATION=NO HAPTIC=YES PPM_UNIT=PERCENT_PREC1 GPS=YES VARIO=YES PPM=YES MULTIMODULE=YES DSM2=SERIAL SPIMODULES=YES CC2500=YES CC2500PAG=20 NRF24L01=YES NRF24L01PAG=20 A7105=YES A7105PAG=20 SDCARD=YES TEMPLATES=YES THREE_POS=POT2 SPLASH=YES UNITS=METRIC DEFAULT_MODE=1 FONT=SQT5 BOLD=YES BATTGRAPH=YES EEPROM_PROGRESS_BAR=YES FAI=NO AUTOSWITCH=YES AUTOSOURCE=YES PPM_CENTER_ADJUSTABLE=YES PPM_LIMITS_SYMETRICAL=YES FLIGHT_MODES=YES CURVES=YES GVARS=YES NOANDSECONDE=YES EXTERNALEEPROM=YES BLUETOOTH=YES XMODEM=YES X_ANY=1 MultiSX1276=YES" />
					<Variable name="pierrotm777_ST7565P" value="PCB=MEGAMINI LCD=ST7565P VOICE=JQ6500 EXT=FRSKY AUDIO=YES HELI=YES TTS=FR TRANSLATIONS=FR NAVIGATION=NO HAPTIC=YES PPM_UNIT=PERCENT_PREC1 GPS=YES VARIO=YES PPM=YES MULTIMODULE=YES DSM2=SERIAL SPIMODULES=YES CC2500=YES CC2500PAG=20 NRF24L01=YES NRF24L01PAG=20 A7105=YES A7105PAG=20 SDCARD=YES TEMPLATES=YES THREE_POS=POT2 SPLASH=YES UNITS=METRIC DEFAULT_MODE=1 FONT=SQT5 BOLD=YES BATTGRAPH=YES EEPROM_PROGRESS_BAR=YES FAI=NO AUTOSWITCH=YES AUTOSOURCE=YES PPM_CENTER_ADJUSTABLE=YES PPM_LIMITS_SYMETRICAL=YES FLIGHT_MODES=YES CURVES=YES GVARS=YES NOANDSECONDE=YES EXTERNALEEPROM=YES BLUETOOTH=YES XMODEM=YES X_ANY=1 MultiSX1276=YES" />
				</Environment>
				<MakeCommands>
					<Build command="$make -f $makefile $Banctestspimodules" />
					<CompileFile command="$make -f $makefile $file" />
					<Clean command="$make -f $makefile clean" />
					<DistClean command="$make -f $makefile distclean$target" />
					<AskRebuildNeeded command="$make -q -f $makefile $Banctestspimodules" />
					<SilentBuild command="$make -f $makefile $Banctestspimodules &gt; $(CMD_NULL)" />
				</MakeCommands>
			</Target>
			<Environment>
				<Variable name="MCU" value="atmega2560" />
				<Variable name="bracame" value="BOLD=YES 3POS=POT3 VOICE=WTV20SD PCB=MEGA2560 TRANSLATIONS=FR LCD=KS108 TOGGLETRIM=YES FONT=SQT5 NOANDSECONDE=YES TEMPLATES=YES NAVIGATION=NO HELI=YES GVARS=YES GPS=NO EEPROM_PROGRESS_BAR=YES DEFAULT_MODE=2 DBLKEYS=YES CURVES=YES AUTOSWITCH=YES AUTOSOURCE=YES HAPTIC=YES PPM_CENTER_ADJUSTABLE=YES PPM_LIMITS_SYMETRICAL=YES PPM_UNIT=PERCENT_PREC1 SDCARD=YES AUDIO=YES BATTGRAPH=YES HARDWARE_VOLUME=NO JITTER_FILTER=NO EXT=FRSKY SPLASH=YES" />
			</Environment>
		</Build>
		<Compiler>
			<Add option="-Wall" />
			<Add option="-mmcu=atmega2560" />
			<Add option="-DF_CPU=16000000UL" />
		</Compiler>
		<Linker>
			<Add option="-mmcu=atmega2560" />
			<Add option="-Wl,-Map=$(TARGET_OUTPUT_DIR)$(TARGET_OUTPUT_BASENAME).map,--cref" />
		</Linker>
		<Unit filename="Makefile" />
		<Unit filename="OpenAVRc.cpp" />
		<Unit filename="OpenAVRc.h" />
		<Unit filename="Print.cpp" />
		<Unit filename="Print.h" />
		<Unit filename="Serial0.cpp" />
		<Unit filename="Serial0.h" />
		<Unit filename="Serial1.cpp" />
		<Unit filename="Serial1.h" />
		<Unit filename="Stream.h" />
		<Unit filename="Xany.cpp" />
		<Unit filename="Xany.h" />
		<Unit filename="adc_driver.cpp" />
		<Unit filename="audio_avr.cpp" />
		<Unit filename="audio_avr.h" />
		<Unit filename="bluetooth.cpp" />
		<Unit filename="bluetooth.h" />
		<Unit filename="board_avr.h" />
		<Unit filename="buzzer.cpp" />
		<Unit filename="buzzer.h" />
		<Unit filename="curves.cpp" />
		<Unit filename="debug/TinyDbg.cpp" />
		<Unit filename="debug/TinyDbg.h" />
		<Unit filename="eeprom_common.cpp" />
		<Unit filename="eeprom_common.h" />
		<Unit filename="eeprom_rlc.cpp" />
		<Unit filename="eeprom_rlc.h" />
		<Unit filename="fifo.h" />
		<Unit filename="fonts.h" />
		<Unit filename="functions.cpp" />
		<Unit filename="gui/fonts.cpp" />
		<Unit filename="gui/gui.h" />
		<Unit filename="gui/lcd.cpp" />
		<Unit filename="gui/lcd.h" />
		<Unit filename="gui/menu_general.cpp" />
		<Unit filename="gui/menu_general.h" />
		<Unit filename="gui/menu_general_bluetooth.cpp" />
		<Unit filename="gui/menu_general_calib.cpp" />
		<Unit filename="gui/menu_general_diaganas.cpp" />
		<Unit filename="gui/menu_general_diagkeys.cpp" />
		<Unit filename="gui/menu_general_sdmanager.cpp" />
		<Unit filename="gui/menu_general_setup.cpp" />
		<Unit filename="gui/menu_general_trainer.cpp" />
		<Unit filename="gui/menu_general_version.cpp" />
		<Unit filename="gui/menu_model.cpp" />
		<Unit filename="gui/menu_model.h" />
		<Unit filename="gui/menu_model_Xany.cpp" />
		<Unit filename="gui/menu_model_curves.cpp" />
		<Unit filename="gui/menu_model_custom_functions.cpp" />
		<Unit filename="gui/menu_model_flightmodes.cpp" />
		<Unit filename="gui/menu_model_heli.cpp" />
		<Unit filename="gui/menu_model_inputs_mixes.cpp" />
		<Unit filename="gui/menu_model_limits.cpp" />
		<Unit filename="gui/menu_model_logical_switches.cpp" />
		<Unit filename="gui/menu_model_select.cpp" />
		<Unit filename="gui/menu_model_setup.cpp" />
		<Unit filename="gui/menu_model_telemetry.cpp" />
		<Unit filename="gui/menu_model_templates.cpp" />
		<Unit filename="gui/menus.cpp" />
		<Unit filename="gui/menus.h" />
		<Unit filename="gui/navigation.cpp" />
		<Unit filename="gui/navigation.h" />
		<Unit filename="gui/popups.cpp" />
		<Unit filename="gui/popups.h" />
		<Unit filename="gui/splash.cpp" />
		<Unit filename="gui/view_main.cpp" />
		<Unit filename="gui/view_statistics.cpp" />
		<Unit filename="gui/view_telemetry.cpp" />
		<Unit filename="gui/view_text.cpp" />
		<Unit filename="gui/widgets.cpp" />
		<Unit filename="gui/widgets.h" />
		<Unit filename="haptic.cpp" />
		<Unit filename="haptic.h" />
		<Unit filename="i2c_master.cpp" />
		<Unit filename="i2c_master.h" />
		<Unit filename="keys.cpp" />
		<Unit filename="keys.h" />
		<Unit filename="logs.cpp" />
		<Unit filename="main_avr.cpp" />
		<Unit filename="maths.cpp" />
		<Unit filename="misclib.h" />
		<Unit filename="mixer.cpp" />
		<Unit filename="myeeprom.h" />
		<Unit filename="pgmtypes.h" />
		<Unit filename="protocol/AFHDS2A_a7105.c">
			<Option compilerVar="CC" />
		</Unit>
		<Unit filename="protocol/BAYANG_nrf24l01.c">
			<Option compilerVar="CC" />
		</Unit>
		<Unit filename="protocol/CABELL_nrf24l01.c">
			<Option compilerVar="CC" />
		</Unit>
		<Unit filename="protocol/CORONA_cc2500.c">
			<Option compilerVar="CC" />
		</Unit>
		<Unit filename="protocol/DEVO_cyrf6936.c">
			<Option compilerVar="CC" />
		</Unit>
		<Unit filename="protocol/DSM_SERIAL.c">
			<Option compilerVar="CC" />
		</Unit>
		<Unit filename="protocol/DSM_cyrf6936.c">
			<Option compilerVar="CC" />
		</Unit>
		<Unit filename="protocol/ESKY_nrf24l01.c">
			<Option compilerVar="CC" />
		</Unit>
		<Unit filename="protocol/FLYSKY_a7105.c">
			<Option compilerVar="CC" />
		</Unit>
		<Unit filename="protocol/FRSKYD_cc2500.c">
			<Option compilerVar="CC" />
		</Unit>
		<Unit filename="protocol/FRSKYV_cc2500.c">
			<Option compilerVar="CC" />
		</Unit>
		<Unit filename="protocol/FRSKYX_cc2500.c">
			<Option compilerVar="CC" />
		</Unit>
		<Unit filename="protocol/FRSKY_DEF_cc2500.cpp" />
		<Unit filename="protocol/FRSKY_DEF_cc2500.h" />
		<Unit filename="protocol/J6PRO_cyrf6936.c">
			<Option compilerVar="CC" />
		</Unit>
		<Unit filename="protocol/MULTI.c">
			<Option compilerVar="CC" />
		</Unit>
		<Unit filename="protocol/PROTO_PPM.cpp" />
		<Unit filename="protocol/PROTO_PPM16.cpp" />
		<Unit filename="protocol/PROTO_PPMSIM.cpp" />
		<Unit filename="protocol/PROTO_xmega_PPM.cpp" />
		<Unit filename="protocol/PROTO_xmega_PPM16.cpp" />
		<Unit filename="protocol/PROTO_xmega_PPMSIM.cpp" />
		<Unit filename="protocol/SKYARTEC_cc2500.c">
			<Option compilerVar="CC" />
		</Unit>
		<Unit filename="protocol/STANEK_nrf24l01.c">
			<Option compilerVar="CC" />
		</Unit>
		<Unit filename="protocol/a7105.c">
			<Option compilerVar="CC" />
		</Unit>
		<Unit filename="protocol/cc2500.c">
			<Option compilerVar="CC" />
		</Unit>
		<Unit filename="protocol/cyrf6936.c">
			<Option compilerVar="CC" />
		</Unit>
		<Unit filename="protocol/iface_a7105.h" />
		<Unit filename="protocol/iface_cc2500.h" />
		<Unit filename="protocol/iface_cyrf6936.h" />
		<Unit filename="protocol/iface_nrf24l01.h" />
		<Unit filename="protocol/interface.h" />
		<Unit filename="protocol/misc.c">
			<Option compilerVar="CC" />
		</Unit>
		<Unit filename="protocol/misc.h" />
		<Unit filename="protocol/nrf24l01.c">
			<Option compilerVar="CC" />
		</Unit>
		<Unit filename="protocol/protocol.h" />
		<Unit filename="protocol/squeleton.c">
			<Option compilerVar="CC" />
		</Unit>
		<Unit filename="pulses/pulses.h" />
		<Unit filename="pulses/pulses_avr.cpp" />
		<Unit filename="pulses/pulses_avr.h" />
		<Unit filename="rtc_driver.cpp" />
		<Unit filename="sdcard.cpp" />
		<Unit filename="sdcard.h" />
		<Unit filename="spi.c">
			<Option compilerVar="CC" />
		</Unit>
		<Unit filename="spi.h" />
		<Unit filename="stamp-OpenAVRc.h" />
		<Unit filename="stamp.cpp" />
		<Unit filename="strhelpers.cpp" />
		<Unit filename="switches.cpp" />
		<Unit filename="targets/evo_v2/Serial0.cpp" />
		<Unit filename="targets/evo_v2/eeprom_rlc.cpp" />
		<Unit filename="targets/evo_v2/evo_lcd_driver.cpp" />
		<Unit filename="targets/evo_v2/lcd_ssd1309_dma_driver.cpp" />
		<Unit filename="targets/evo_v2/lcd_ssd1309_driver.cpp" />
		<Unit filename="targets/evo_v2/menu_general_diaganas.cpp" />
		<Unit filename="targets/evo_v2/voice.cpp" />
		<Unit filename="targets/evo_v2/xmega.cpp" />
		<Unit filename="targets/evo_v2/xmega_adc_driver.cpp" />
		<Unit filename="targets/evo_v2/xmega_board.h" />
		<Unit filename="targets/evo_v2/xmega_pulses.cpp" />
		<Unit filename="targets/lcd/lcd_NT7538_SPI_driver.cpp" />
		<Unit filename="targets/lcd/lcd_default_driver.cpp" />
		<Unit filename="targets/lcd/lcd_driver.cpp" />
		<Unit filename="targets/lcd/lcd_ks108_driver.cpp" />
		<Unit filename="targets/lcd/lcd_sh1106_driver.cpp" />
		<Unit filename="targets/lcd/lcd_simu_driver.cpp" />
		<Unit filename="targets/lcd/lcd_simu_driver.h" />
		<Unit filename="targets/lcd/lcd_ssd1306_driver.cpp" />
		<Unit filename="targets/lcd/lcd_st7920_driver.cpp" />
		<Unit filename="targets/lcd/lcd_st7920_mcp23017driver.cpp" />
		<Unit filename="targets/mega2560/board_mega2560.cpp" />
		<Unit filename="targets/mega2560/board_mega2560.h" />
		<Unit filename="targets/mega2560/voice.h" />
		<Unit filename="targets/mega2560/voice_jq6500.cpp" />
		<Unit filename="targets/megamini/board_megamini.cpp" />
		<Unit filename="targets/megamini/board_megamini.h" />
		<Unit filename="targets/simu/simu_interface.cpp" />
		<Unit filename="targets/simu/simu_interface.h" />
		<Unit filename="telemetry/frsky.cpp" />
		<Unit filename="telemetry/frsky.h" />
		<Unit filename="templates.cpp" />
		<Unit filename="templates.h" />
		<Unit filename="thirdparty/rrsd/byteordering.c">
			<Option compilerVar="CC" />
		</Unit>
		<Unit filename="thirdparty/rrsd/byteordering.h" />
		<Unit filename="thirdparty/rrsd/fat.c">
			<Option compilerVar="CC" />
		</Unit>
		<Unit filename="thirdparty/rrsd/fat.h" />
		<Unit filename="thirdparty/rrsd/fat_config.h" />
		<Unit filename="thirdparty/rrsd/mainrrsd.c">
			<Option compilerVar="CC" />
		</Unit>
		<Unit filename="thirdparty/rrsd/partition.c">
			<Option compilerVar="CC" />
		</Unit>
		<Unit filename="thirdparty/rrsd/partition.h" />
		<Unit filename="thirdparty/rrsd/partition_config.h" />
		<Unit filename="thirdparty/rrsd/sd-reader_config.h" />
		<Unit filename="thirdparty/rrsd/sd_raw.c">
			<Option compilerVar="CC" />
		</Unit>
		<Unit filename="thirdparty/rrsd/sd_raw.h" />
		<Unit filename="thirdparty/rrsd/sd_raw_config.h" />
		<Unit filename="thirdparty/xmodem/xmodem.cpp" />
		<Unit filename="thirdparty/xmodem/xmodem.h" />
		<Unit filename="timers.cpp" />
		<Unit filename="timers.h" />
		<Unit filename="trainer_input.cpp" />
		<Unit filename="trainer_input.h" />
		<Unit filename="translations.cpp" />
		<Unit filename="translations.h" />
		<Unit filename="translations/cz.h" />
		<Unit filename="translations/cz.h.txt" />
		<Unit filename="translations/de.h" />
		<Unit filename="translations/de.h.txt" />
		<Unit filename="translations/en.h" />
		<Unit filename="translations/en.h.txt" />
		<Unit filename="translations/es.h" />
		<Unit filename="translations/es.h.txt" />
		<Unit filename="translations/fi.h" />
		<Unit filename="translations/fi.h.txt" />
		<Unit filename="translations/fr.h" />
		<Unit filename="translations/fr.h.txt" />
		<Unit filename="translations/it.h" />
		<Unit filename="translations/it.h.txt" />
		<Unit filename="translations/nl.h" />
		<Unit filename="translations/nl.h.txt" />
		<Unit filename="translations/pl.h" />
		<Unit filename="translations/pl.h.txt" />
		<Unit filename="translations/pt.h" />
		<Unit filename="translations/pt.h.txt" />
		<Unit filename="translations/se.h" />
		<Unit filename="translations/se.h.txt" />
		<Unit filename="translations/sk.h" />
		<Unit filename="translations/sk.h.txt" />
		<Unit filename="translations/tts_cz.cpp" />
		<Unit filename="translations/tts_de.cpp" />
		<Unit filename="translations/tts_en.cpp" />
		<Unit filename="translations/tts_es.cpp" />
		<Unit filename="translations/tts_fr.cpp" />
		<Unit filename="translations/tts_hu.cpp" />
		<Unit filename="translations/tts_it.cpp" />
		<Unit filename="translations/tts_nl.cpp" />
		<Unit filename="translations/tts_pl.cpp" />
		<Unit filename="translations/tts_pt.cpp" />
		<Unit filename="translations/tts_se.cpp" />
		<Unit filename="translations/tts_sk.cpp" />
		<Unit filename="uCli.cpp" />
		<Unit filename="uCli.h" />
		<Unit filename="vario.cpp" />
		<Extensions>
			<envvars set="python" />
			<lib_finder disable_auto="1" />
		</Extensions>
	</Project>
</CodeBlocks_project_file>
