<?xml version="1.0" encoding="UTF-8" standalone="yes" ?>
<CodeBlocks_project_file>
	<FileVersion major="1" minor="6" />
	<Project>
		<Option title="OpenAVRc_Desktop" />
		<Option pch_mode="2" />
		<Option compiler="gcc" />
		<Build>
			<Target title="DebugWin">
				<Option platforms="Windows;" />
				<Option output="../OpenAVRc_Desktop" prefix_auto="1" extension_auto="1" />
				<Option working_dir="../" />
				<Option object_output="../obj/OpenAVRc_Desktop/Release/" />
				<Option type="0" />
				<Option compiler="gcc" />
				<Option projectLinkerOptionsRelation="2" />
				<Compiler>
					<Add option="-m32" />
					<Add option="-g" />
					<Add option="-mthreads" />
					<Add option="-D__GNUWIN32__" />
					<Add option="-D__WXMSW__" />
					<Add option="-D__WXDEBUG__" />
					<Add directory="$(CODEBLOCKS)/wxWidgets-3.1.0/lib/gcc_dll/mswud" />
				</Compiler>
				<ResourceCompiler>
					<Add directory="$(CODEBLOCKS)/wxWidgets-3.1.0/lib/gcc_dll/mswud" />
				</ResourceCompiler>
				<Linker>
					<Add option="-m32" />
					<Add library="libwxmsw31ud.a" />
					<Add directory="$(CODEBLOCKS)/wxWidgets-3.1.0/lib/gcc_dll" />
				</Linker>
			</Target>
			<Target title="ReleaseWin">
				<Option platforms="Windows;" />
				<Option output="../OpenAVRc_Desktop" prefix_auto="1" extension_auto="1" />
				<Option working_dir="../" />
				<Option object_output="../obj/OpenAVRc_Desktop/Release/" />
				<Option type="0" />
				<Option compiler="gcc" />
				<Compiler>
					<Add option="-O2" />
					<Add option="-mthreads" />
					<Add option="-D__GNUWIN32__" />
					<Add option="-D__WXMSW__" />
					<Add directory="$(CODEBLOCKS)/wxWidgets-3.1.0/lib/gcc_dll/mswu" />
				</Compiler>
				<ResourceCompiler>
					<Add directory="$(CODEBLOCKS)/wxWidgets-3.1.0/lib/gcc_dll/mswu" />
				</ResourceCompiler>
				<Linker>
					<Add option="-s" />
					<Add library="libwxmsw31u.a" />
					<Add directory="$(CODEBLOCKS)/wxWidgets-3.1.0/lib/gcc_dll" />
				</Linker>
			</Target>
			<Target title="DebugLin">
				<Option platforms="Unix;" />
				<Option output="../OpenAVRc_Desktop" prefix_auto="1" extension_auto="1" />
				<Option working_dir="../" />
				<Option object_output="../objlin/OpenAVRc_Desktop/Release/" />
				<Option type="0" />
				<Option compiler="gcc" />
				<Option projectLinkerOptionsRelation="2" />
				<Compiler>
					<Add option="-m64" />
					<Add option="-Og" />
					<Add option="-g" />
					<Add option="`wx-config --cxxflags`" />
					<Add option="-D__UNIX__" />
					<Add option="-D__WXDEBUG__" />
					<Add directory="$(CODEBLOCKS)/wxWidgets-3.1.0/lib/gcc_dll/mswud" />
				</Compiler>
				<ResourceCompiler>
					<Add directory="$(CODEBLOCKS)/wxWidgets-3.1.0/lib/gcc_dll/mswud" />
				</ResourceCompiler>
				<Linker>
					<Add option="-m64" />
					<Add option="`wx-config --libs`" />
					<Add library="libwxmsw31ud.a" />
					<Add directory="$(CODEBLOCKS)/wxWidgets-3.1.0/lib/gcc_dll" />
				</Linker>
			</Target>
		</Build>
		<Compiler>
			<Add option="-Wall" />
			<Add option="-m32" />
			<Add option="-std=gnu++11" />
			<Add option="-pipe" />
			<Add option="-Wno-deprecated-declarations" />
			<Add option="-Wno-packed-bitfield-compat" />
			<Add option="-Wno-trigraphs" />
			<Add option="-mno-ms-bitfields" />
			<Add option="-DWXUSINGDLL" />
			<Add option="-DwxUSE_UNICODE" />
			<Add option="-DDESKTOP" />
			<Add directory="$(CODEBLOCKS)/wxWidgets-3.1.0/include" />
		</Compiler>
		<ResourceCompiler>
			<Add directory="$(CODEBLOCKS)/wxWidgets-3.1.0/include" />
		</ResourceCompiler>
		<Linker>
			<Add option="-m32" />
			<Add option="-mthreads" />
		</Linker>
		<Unit filename="../OpenAVRc/thirdparty/xmodem/xmodem.cpp">
			<Option compile="0" />
			<Option link="0" />
		</Unit>
		<Unit filename="../OpenAVRc/uCli.h" />
		<Unit filename="BluetoothFrame.cpp" />
		<Unit filename="BluetoothFrame.h" />
		<Unit filename="CommunicationsFrame.cpp" />
		<Unit filename="CommunicationsFrame.h" />
		<Unit filename="CompilerOptionsFrame.cpp" />
		<Unit filename="CompilerOptionsFrame.h" />
		<Unit filename="OpenAVRc_DesktopApp.cpp" />
		<Unit filename="OpenAVRc_DesktopApp.h" />
		<Unit filename="OpenAVRc_DesktopMain.cpp" />
		<Unit filename="OpenAVRc_DesktopMain.h" />
		<Unit filename="VoiceEditFrame.cpp" />
		<Unit filename="VoiceEditFrame.h" />
		<Unit filename="Voice_choice.cpp" />
		<Unit filename="Voice_choice.h" />
		<Unit filename="resource.rc">
			<Option compilerVar="WINDRES" />
		</Unit>
		<Unit filename="serial/tserial.cpp" />
		<Unit filename="serial/tserial.h" />
		<Unit filename="wxsmith/BluetoothFrame.wxs" />
		<Unit filename="wxsmith/CommunicationsFrame.wxs" />
		<Unit filename="wxsmith/CompilerOptionsFrame.wxs" />
		<Unit filename="wxsmith/OpenAVRc_Desktopframe.wxs" />
		<Unit filename="wxsmith/VoiceEditFrame.wxs" />
		<Unit filename="wxsmith/Voice_choice.wxs" />
		<Extensions>
			<debugger>
				<remote_debugging target="DebugLin">
					<options conn_type="0" extended_remote="1" />
				</remote_debugging>
				<remote_debugging target="DebugWin">
					<options conn_type="0" extended_remote="1" />
				</remote_debugging>
			</debugger>
			<wxsmith version="1">
				<gui name="wxWidgets" src="OpenAVRc_DesktopApp.cpp" main="OpenAVRc_DesktopFrame" init_handlers="necessary" language="CPP" />
				<resources>
					<wxFrame wxs="wxsmith/OpenAVRc_Desktopframe.wxs" src="OpenAVRc_DesktopMain.cpp" hdr="OpenAVRc_DesktopMain.h" fwddecl="0" i18n="1" name="OpenAVRc_DesktopFrame" language="CPP" />
					<wxFrame wxs="wxsmith/CommunicationsFrame.wxs" src="CommunicationsFrame.cpp" hdr="CommunicationsFrame.h" fwddecl="0" i18n="1" name="CommunicationsFrame" language="CPP" />
					<wxFrame wxs="wxsmith/CompilerOptionsFrame.wxs" src="CompilerOptionsFrame.cpp" hdr="CompilerOptionsFrame.h" fwddecl="0" i18n="1" name="CompilerOptionsFrame" language="CPP" />
					<wxFrame wxs="wxsmith/VoiceEditFrame.wxs" src="VoiceEditFrame.cpp" hdr="VoiceEditFrame.h" fwddecl="0" i18n="1" name="VoiceEditFrame" language="CPP" />
					<wxFrame wxs="wxsmith/Voice_choice.wxs" src="Voice_choice.cpp" hdr="Voice_choice.h" fwddecl="0" i18n="1" name="Voice_choice" language="CPP" />
					<wxFrame wxs="wxsmith/BluetoothFrame.wxs" src="BluetoothFrame.cpp" hdr="BluetoothFrame.h" fwddecl="0" i18n="1" name="BluetoothFrame" language="CPP" />
				</resources>
			</wxsmith>
		</Extensions>
	</Project>
</CodeBlocks_project_file>
