<?xml version="1.0" encoding="UTF-8" standalone="yes" ?>
<CodeBlocks_project_file>
	<FileVersion major="1" minor="6" />
	<Project>
		<Option title="OpenAVRc_Simulator" />
		<Option compiler="gcc" />
		<Option extended_obj_names="1" />
		<Build>
			<Target title="Debug">
				<Option output="bin/Debug/OpenAVRc_Simulator" prefix_auto="1" extension_auto="1" />
				<Option object_output="obj/Debug/" />
				<Option type="0" />
				<Option compiler="gcc" />
				<Option projectLinkerOptionsRelation="2" />
				<Compiler>
					<Add option="-Winline" />
					<Add option="-Wextra" />
					<Add option="-Wall" />
					<Add option="-g" />
					<Add option="-mno-ms-bitfields" />
					<Add option="-DTRANSLATIONS_FR" />
					<Add option="-DTTS_FR" />
					<Add option="-DNO_EXTERNALEEPROM" />
					<Add option="-DSIMU" />
					<Add option="-DDSM2" />
					<Add option="-DDSM2_PPM" />
					<Add option="-DPCBMEGA2560" />
					<Add option="-DCPUM2560" />
					<Add option="-DOFFSET_ON_INPUT=YES" />
					<Add option="-DEEPROM_RLC" />
					<Add option="-DEEPROM_VARIANT=0" />
					<Add option="-DSDCARD" />
					<Add option="-DRTCLOCK" />
					<Add option="-DAUDIO" />
					<Add option="-DVOICE" />
					<Add option="-DVOICE_JQ6500" />
					<Add option="-DHAPTIC" />
					<Add option="-DROTARY_ENCODERS=2" />
					<Add option="-DGUI" />
					<Add option="-DDEFAULT_MODE=2" />
					<Add option="-DNOANDSECONDE" />
					<Add option="-DSPLASH" />
					<Add option="-DGRAPHICS" />
					<Add option="-DBOLD_FONT" />
					<Add option="-DBATTGRAPH" />
					<Add option="-DTHRTRACE" />
					<Add option="-DTIMERS=2" />
					<Add option="-DFLIGHT_MODES" />
					<Add option="-DCURVES" />
					<Add option="-DGVARS" />
					<Add option="-DCORRECT_NEGATIVE_SHIFTS" />
					<Add option="-DFRSKY" />
					<Add option="-DFRSKY_HUB" />
					<Add option="-DWS_HOW_HIGH" />
					<Add option="-DGAUGES" />
					<Add option="-DGPS" />
					<Add option="-DVARIO" />
					<Add option="-DEEPROM_PROGRESS_BAR" />
					<Add option="-DPPM_CENTER_ADJUSTABLE" />
					<Add option="-DPPM_LIMITS_SYMETRICAL" />
					<Add option="-DOVERRIDE_CHANNEL_FUNCTION" />
					<Add option="-DPPM_UNIT_PERCENT_PREC1" />
					<Add option="-DHELI" />
					<Add option="-DTEMPLATES" />
					<Add option="-DAUTOSWITCH" />
					<Add option="-DAUTOSOURCE" />
					<Add directory="$(CODEBLOCKS)/wxWidgets-3.1.0/lib/gcc_dll/mswu" />
					<Add directory="include" />
				</Compiler>
				<ResourceCompiler>
					<Add directory="$(CODEBLOCKS)/wxWidgets-3.1.0/lib/gcc_dll/mswu" />
				</ResourceCompiler>
				<Linker>
					<Add option="-Xlinker --allow-multiple-definition" />
					<Add library="libwxmsw31u.a" />
					<Add directory="$(CODEBLOCKS)/wxWidgets-3.1.0/lib/gcc_dll" />
				</Linker>
			</Target>
			<Target title="Release">
				<Option output="bin/Release/OpenAVRc_Simulator" prefix_auto="1" extension_auto="1" />
				<Option object_output="obj/Release/" />
				<Option type="0" />
				<Option compiler="gcc" />
				<Option projectLinkerOptionsRelation="2" />
				<Compiler>
					<Add option="-O2" />
					<Add option="-w" />
					<Add option="-m32" />
					<Add option="-mno-ms-bitfields" />
					<Add option="-DTRANSLATIONS_FR" />
					<Add option="-DTTS_FR" />
					<Add option="-DSIMU" />
					<Add option="-DDSM2" />
					<Add option="-DDSM2_PPM" />
					<Add option="-DPCBMEGA2560" />
					<Add option="-DCPUM2560" />
					<Add option="-DOFFSET_ON_INPUT=YES" />
					<Add option="-DEEPROM_RLC" />
					<Add option="-DEEPROM_VARIANT=0" />
					<Add option="-DSDCARD" />
					<Add option="-DRTCLOCK" />
					<Add option="-DAUDIO" />
					<Add option="-DVOICE" />
					<Add option="-DVOICE_JQ6500" />
					<Add option="-DHAPTIC" />
					<Add option="-DROTARY_ENCODERS=2" />
					<Add option="-DGUI" />
					<Add option="-DDEFAULT_MODE=2" />
					<Add option="-DNOANDSECONDE" />
					<Add option="-DAUTOSWITCH" />
					<Add option="-DAUTOSOURCE" />
					<Add option="-DDBLKEYS" />
					<Add option="-DSPLASH" />
					<Add option="-DGRAPHICS" />
					<Add option="-DBOLD_FONT" />
					<Add option="-DBATTGRAPH" />
					<Add option="-DTHRTRACE" />
					<Add option="-DTIMERS=2" />
					<Add option="-DFLIGHT_MODES" />
					<Add option="-DCURVES" />
					<Add option="-DGVARS" />
					<Add option="-DCORRECT_NEGATIVE_SHIFTS" />
					<Add option="-DFRSKY" />
					<Add option="-DFRSKY_HUB" />
					<Add option="-DWS_HOW_HIGH" />
					<Add option="-DGAUGES" />
					<Add option="-DVARIO" />
					<Add option="-DEEPROM_PROGRESS_BAR" />
					<Add option="-DPPM_CENTER_ADJUSTABLE" />
					<Add option="-DPPM_LIMITS_SYMETRICAL" />
					<Add option="-DOVERRIDE_CHANNEL_FUNCTION" />
					<Add option="-DPPM_UNIT_PERCENT_PREC1" />
					<Add option="-DHELI" />
					<Add option="-DTEMPLATES" />
					<Add option="-DDEBUG=YES" />
					<Add directory="$(CODEBLOCKS)/wxWidgets-3.1.0/lib/gcc_dll/mswu" />
					<Add directory="include" />
				</Compiler>
				<ResourceCompiler>
					<Add directory="$(CODEBLOCKS)/wxWidgets-3.1.0/lib/gcc_dll/mswu" />
				</ResourceCompiler>
				<Linker>
					<Add option="-m32" />
					<Add option="-Xlinker --allow-multiple-definition" />
					<Add library="libwxmsw31u.a" />
					<Add directory="$(CODEBLOCKS)/wxWidgets-3.1.0/lib/gcc_dll" />
				</Linker>
			</Target>
		</Build>
		<Compiler>
			<Add option="-pipe" />
			<Add option="-mthreads" />
			<Add option="-D__GNUWIN32__" />
			<Add option="-D__WXMSW__" />
			<Add option="-DWXUSINGDLL" />
			<Add option="-DwxUSE_UNICODE" />
			<Add option="-Wall" />
			<Add directory="$(CODEBLOCKS)/wxWidgets-3.1.0/include" />
		</Compiler>
		<ResourceCompiler>
			<Add directory="$(CODEBLOCKS)/wxWidgets-3.1.0/include" />
		</ResourceCompiler>
		<Linker>
			<Add option="-mthreads" />
		</Linker>
		<Unit filename="../OpenAVRc/OpenAVRc.cpp" />
		<Unit filename="../OpenAVRc/OpenAVRc.h" />
		<Unit filename="../OpenAVRc/audio_avr.cpp" />
		<Unit filename="../OpenAVRc/audio_avr.h" />
		<Unit filename="../OpenAVRc/buzzer.cpp" />
		<Unit filename="../OpenAVRc/buzzer.h" />
		<Unit filename="../OpenAVRc/curves.cpp" />
		<Unit filename="../OpenAVRc/eeprom_common.cpp" />
		<Unit filename="../OpenAVRc/eeprom_common.h" />
		<Unit filename="../OpenAVRc/eeprom_rlc.cpp" />
		<Unit filename="../OpenAVRc/eeprom_rlc.h" />
		<Unit filename="../OpenAVRc/fifo.h" />
		<Unit filename="../OpenAVRc/fonts.h" />
		<Unit filename="../OpenAVRc/functions.cpp" />
		<Unit filename="../OpenAVRc/gui/fonts.cpp" />
		<Unit filename="../OpenAVRc/gui/gui.h" />
		<Unit filename="../OpenAVRc/gui/lcd.cpp" />
		<Unit filename="../OpenAVRc/gui/lcd.h" />
		<Unit filename="../OpenAVRc/gui/menu_general.cpp" />
		<Unit filename="../OpenAVRc/gui/menu_general.h" />
		<Unit filename="../OpenAVRc/gui/menu_general_calib.cpp" />
		<Unit filename="../OpenAVRc/gui/menu_general_diaganas.cpp" />
		<Unit filename="../OpenAVRc/gui/menu_general_diagkeys.cpp" />
		<Unit filename="../OpenAVRc/gui/menu_general_sdmanager.cpp" />
		<Unit filename="../OpenAVRc/gui/menu_general_setup.cpp" />
		<Unit filename="../OpenAVRc/gui/menu_general_trainer.cpp" />
		<Unit filename="../OpenAVRc/gui/menu_general_version.cpp" />
		<Unit filename="../OpenAVRc/gui/menu_model.cpp" />
		<Unit filename="../OpenAVRc/gui/menu_model.h" />
		<Unit filename="../OpenAVRc/gui/menu_model_curves.cpp" />
		<Unit filename="../OpenAVRc/gui/menu_model_custom_functions.cpp" />
		<Unit filename="../OpenAVRc/gui/menu_model_flightmodes.cpp" />
		<Unit filename="../OpenAVRc/gui/menu_model_heli.cpp" />
		<Unit filename="../OpenAVRc/gui/menu_model_inputs_mixes.cpp" />
		<Unit filename="../OpenAVRc/gui/menu_model_limits.cpp" />
		<Unit filename="../OpenAVRc/gui/menu_model_logical_switches.cpp" />
		<Unit filename="../OpenAVRc/gui/menu_model_select.cpp" />
		<Unit filename="../OpenAVRc/gui/menu_model_setup.cpp" />
		<Unit filename="../OpenAVRc/gui/menu_model_telemetry.cpp" />
		<Unit filename="../OpenAVRc/gui/menu_model_templates.cpp" />
		<Unit filename="../OpenAVRc/gui/menus.cpp" />
		<Unit filename="../OpenAVRc/gui/menus.h" />
		<Unit filename="../OpenAVRc/gui/navigation.cpp" />
		<Unit filename="../OpenAVRc/gui/navigation.h" />
		<Unit filename="../OpenAVRc/gui/popups.cpp" />
		<Unit filename="../OpenAVRc/gui/popups.h" />
		<Unit filename="../OpenAVRc/gui/splash.cpp" />
		<Unit filename="../OpenAVRc/gui/view_main.cpp" />
		<Unit filename="../OpenAVRc/gui/view_mavlink.cpp" />
		<Unit filename="../OpenAVRc/gui/view_mavlink.h" />
		<Unit filename="../OpenAVRc/gui/view_statistics.cpp" />
		<Unit filename="../OpenAVRc/gui/view_telemetry.cpp" />
		<Unit filename="../OpenAVRc/gui/view_text.cpp" />
		<Unit filename="../OpenAVRc/gui/widgets.cpp" />
		<Unit filename="../OpenAVRc/gui/widgets.h" />
		<Unit filename="../OpenAVRc/haptic.cpp" />
		<Unit filename="../OpenAVRc/haptic.h" />
		<Unit filename="../OpenAVRc/i2c_master.cpp" />
		<Unit filename="../OpenAVRc/i2c_master.h" />
		<Unit filename="../OpenAVRc/keys.cpp" />
		<Unit filename="../OpenAVRc/keys.h" />
		<Unit filename="../OpenAVRc/logs.cpp" />
		<Unit filename="../OpenAVRc/main_avr.cpp" />
		<Unit filename="../OpenAVRc/maths.cpp" />
		<Unit filename="../OpenAVRc/mixer.cpp" />
		<Unit filename="../OpenAVRc/myeeprom.h" />
		<Unit filename="../OpenAVRc/pgmtypes.h" />
		<Unit filename="../OpenAVRc/pulses/pulses.h" />
		<Unit filename="../OpenAVRc/pulses/pulses_avr.cpp" />
		<Unit filename="../OpenAVRc/pulses/pulses_avr.h" />
		<Unit filename="../OpenAVRc/pwr.h" />
		<Unit filename="../OpenAVRc/rtc.cpp" />
		<Unit filename="../OpenAVRc/rtc.h" />
		<Unit filename="../OpenAVRc/sdcard.cpp" />
		<Unit filename="../OpenAVRc/sdcard.h" />
		<Unit filename="../OpenAVRc/stamp-OpenAVRc.h" />
		<Unit filename="../OpenAVRc/stamp.cpp" />
		<Unit filename="../OpenAVRc/strhelpers.cpp" />
		<Unit filename="../OpenAVRc/switches.cpp" />
		<Unit filename="../OpenAVRc/targets/common_avr/adc_driver.cpp" />
		<Unit filename="../OpenAVRc/targets/common_avr/board_avr.h" />
		<Unit filename="../OpenAVRc/targets/common_avr/serial_driver.cpp" />
		<Unit filename="../OpenAVRc/targets/common_avr/serial_driver.h" />
		<Unit filename="../OpenAVRc/targets/common_avr/telemetry_driver.cpp" />
		<Unit filename="../OpenAVRc/targets/gruvin9x/diskio.cpp" />
		<Unit filename="../OpenAVRc/targets/gruvin9x/rtc_driver.cpp" />
		<Unit filename="../OpenAVRc/targets/mega2560/board_mega2560.cpp" />
		<Unit filename="../OpenAVRc/targets/mega2560/board_mega2560.h" />
		<Unit filename="../OpenAVRc/targets/mega2560/voice.h" />
		<Unit filename="../OpenAVRc/targets/mega2560/voice_jq6500.cpp" />
		<Unit filename="../OpenAVRc/targets/simu/simu_interface.cpp" />
		<Unit filename="../OpenAVRc/targets/simu/simu_interface.h" />
		<Unit filename="../OpenAVRc/targets/stock/board_stock.h" />
		<Unit filename="../OpenAVRc/targets/stock/lcd_simu_driver.cpp" />
		<Unit filename="../OpenAVRc/targets/stock/lcd_simu_driver.h" />
		<Unit filename="../OpenAVRc/telemetry/frsky.cpp" />
		<Unit filename="../OpenAVRc/telemetry/frsky.h" />
		<Unit filename="../OpenAVRc/telemetry/frsky_d.cpp" />
		<Unit filename="../OpenAVRc/telemetry/nmea.cpp" />
		<Unit filename="../OpenAVRc/telemetry/nmea.h" />
		<Unit filename="../OpenAVRc/templates.cpp" />
		<Unit filename="../OpenAVRc/templates.h" />
		<Unit filename="../OpenAVRc/thirdparty/FatFs/diskio.h" />
		<Unit filename="../OpenAVRc/thirdparty/FatFs/ff.c">
			<Option compilerVar="CC" />
		</Unit>
		<Unit filename="../OpenAVRc/thirdparty/FatFs/ff.h" />
		<Unit filename="../OpenAVRc/thirdparty/FatFs/ffconf.h" />
		<Unit filename="../OpenAVRc/thirdparty/FatFs/integer.h" />
		<Unit filename="../OpenAVRc/thirdparty/FatFs/option/syscall.c">
			<Option compilerVar="CC" />
		</Unit>
		<Unit filename="../OpenAVRc/thirdparty/FatFs/option/unicode.c">
			<Option compilerVar="CC" />
		</Unit>
		<Unit filename="../OpenAVRc/thirdparty/GCS_MAVLink/include_v1.0/ardupilotmega/ardupilotmega.h" />
		<Unit filename="../OpenAVRc/thirdparty/GCS_MAVLink/include_v1.0/ardupilotmega/mavlink.h" />
		<Unit filename="../OpenAVRc/thirdparty/GCS_MAVLink/include_v1.0/ardupilotmega/mavlink_msg_ahrs.h" />
		<Unit filename="../OpenAVRc/thirdparty/GCS_MAVLink/include_v1.0/ardupilotmega/mavlink_msg_ap_adc.h" />
		<Unit filename="../OpenAVRc/thirdparty/GCS_MAVLink/include_v1.0/ardupilotmega/mavlink_msg_data16.h" />
		<Unit filename="../OpenAVRc/thirdparty/GCS_MAVLink/include_v1.0/ardupilotmega/mavlink_msg_data32.h" />
		<Unit filename="../OpenAVRc/thirdparty/GCS_MAVLink/include_v1.0/ardupilotmega/mavlink_msg_data64.h" />
		<Unit filename="../OpenAVRc/thirdparty/GCS_MAVLink/include_v1.0/ardupilotmega/mavlink_msg_data96.h" />
		<Unit filename="../OpenAVRc/thirdparty/GCS_MAVLink/include_v1.0/ardupilotmega/mavlink_msg_digicam_configure.h" />
		<Unit filename="../OpenAVRc/thirdparty/GCS_MAVLink/include_v1.0/ardupilotmega/mavlink_msg_digicam_control.h" />
		<Unit filename="../OpenAVRc/thirdparty/GCS_MAVLink/include_v1.0/ardupilotmega/mavlink_msg_fence_fetch_point.h" />
		<Unit filename="../OpenAVRc/thirdparty/GCS_MAVLink/include_v1.0/ardupilotmega/mavlink_msg_fence_point.h" />
		<Unit filename="../OpenAVRc/thirdparty/GCS_MAVLink/include_v1.0/ardupilotmega/mavlink_msg_fence_status.h" />
		<Unit filename="../OpenAVRc/thirdparty/GCS_MAVLink/include_v1.0/ardupilotmega/mavlink_msg_hwstatus.h" />
		<Unit filename="../OpenAVRc/thirdparty/GCS_MAVLink/include_v1.0/ardupilotmega/mavlink_msg_limits_status.h" />
		<Unit filename="../OpenAVRc/thirdparty/GCS_MAVLink/include_v1.0/ardupilotmega/mavlink_msg_meminfo.h" />
		<Unit filename="../OpenAVRc/thirdparty/GCS_MAVLink/include_v1.0/ardupilotmega/mavlink_msg_mount_configure.h" />
		<Unit filename="../OpenAVRc/thirdparty/GCS_MAVLink/include_v1.0/ardupilotmega/mavlink_msg_mount_control.h" />
		<Unit filename="../OpenAVRc/thirdparty/GCS_MAVLink/include_v1.0/ardupilotmega/mavlink_msg_mount_status.h" />
		<Unit filename="../OpenAVRc/thirdparty/GCS_MAVLink/include_v1.0/ardupilotmega/mavlink_msg_radio.h" />
		<Unit filename="../OpenAVRc/thirdparty/GCS_MAVLink/include_v1.0/ardupilotmega/mavlink_msg_rangefinder.h" />
		<Unit filename="../OpenAVRc/thirdparty/GCS_MAVLink/include_v1.0/ardupilotmega/mavlink_msg_sensor_offsets.h" />
		<Unit filename="../OpenAVRc/thirdparty/GCS_MAVLink/include_v1.0/ardupilotmega/mavlink_msg_set_mag_offsets.h" />
		<Unit filename="../OpenAVRc/thirdparty/GCS_MAVLink/include_v1.0/ardupilotmega/mavlink_msg_simstate.h" />
		<Unit filename="../OpenAVRc/thirdparty/GCS_MAVLink/include_v1.0/ardupilotmega/mavlink_msg_wind.h" />
		<Unit filename="../OpenAVRc/thirdparty/GCS_MAVLink/include_v1.0/ardupilotmega/testsuite.h" />
		<Unit filename="../OpenAVRc/thirdparty/GCS_MAVLink/include_v1.0/ardupilotmega/version.h" />
		<Unit filename="../OpenAVRc/thirdparty/GCS_MAVLink/include_v1.0/checksum.h" />
		<Unit filename="../OpenAVRc/thirdparty/GCS_MAVLink/include_v1.0/common/common.h" />
		<Unit filename="../OpenAVRc/thirdparty/GCS_MAVLink/include_v1.0/common/mavlink.h" />
		<Unit filename="../OpenAVRc/thirdparty/GCS_MAVLink/include_v1.0/common/mavlink_msg_attitude.h" />
		<Unit filename="../OpenAVRc/thirdparty/GCS_MAVLink/include_v1.0/common/mavlink_msg_attitude_quaternion.h" />
		<Unit filename="../OpenAVRc/thirdparty/GCS_MAVLink/include_v1.0/common/mavlink_msg_auth_key.h" />
		<Unit filename="../OpenAVRc/thirdparty/GCS_MAVLink/include_v1.0/common/mavlink_msg_battery_status.h" />
		<Unit filename="../OpenAVRc/thirdparty/GCS_MAVLink/include_v1.0/common/mavlink_msg_change_operator_control.h" />
		<Unit filename="../OpenAVRc/thirdparty/GCS_MAVLink/include_v1.0/common/mavlink_msg_change_operator_control_ack.h" />
		<Unit filename="../OpenAVRc/thirdparty/GCS_MAVLink/include_v1.0/common/mavlink_msg_command_ack.h" />
		<Unit filename="../OpenAVRc/thirdparty/GCS_MAVLink/include_v1.0/common/mavlink_msg_command_long.h" />
		<Unit filename="../OpenAVRc/thirdparty/GCS_MAVLink/include_v1.0/common/mavlink_msg_data_stream.h" />
		<Unit filename="../OpenAVRc/thirdparty/GCS_MAVLink/include_v1.0/common/mavlink_msg_debug.h" />
		<Unit filename="../OpenAVRc/thirdparty/GCS_MAVLink/include_v1.0/common/mavlink_msg_debug_vect.h" />
		<Unit filename="../OpenAVRc/thirdparty/GCS_MAVLink/include_v1.0/common/mavlink_msg_file_transfer_dir_list.h" />
		<Unit filename="../OpenAVRc/thirdparty/GCS_MAVLink/include_v1.0/common/mavlink_msg_file_transfer_res.h" />
		<Unit filename="../OpenAVRc/thirdparty/GCS_MAVLink/include_v1.0/common/mavlink_msg_file_transfer_start.h" />
		<Unit filename="../OpenAVRc/thirdparty/GCS_MAVLink/include_v1.0/common/mavlink_msg_global_position_int.h" />
		<Unit filename="../OpenAVRc/thirdparty/GCS_MAVLink/include_v1.0/common/mavlink_msg_global_position_setpoint_int.h" />
		<Unit filename="../OpenAVRc/thirdparty/GCS_MAVLink/include_v1.0/common/mavlink_msg_global_vision_position_estimate.h" />
		<Unit filename="../OpenAVRc/thirdparty/GCS_MAVLink/include_v1.0/common/mavlink_msg_gps_global_origin.h" />
		<Unit filename="../OpenAVRc/thirdparty/GCS_MAVLink/include_v1.0/common/mavlink_msg_gps_raw_int.h" />
		<Unit filename="../OpenAVRc/thirdparty/GCS_MAVLink/include_v1.0/common/mavlink_msg_gps_status.h" />
		<Unit filename="../OpenAVRc/thirdparty/GCS_MAVLink/include_v1.0/common/mavlink_msg_heartbeat.h" />
		<Unit filename="../OpenAVRc/thirdparty/GCS_MAVLink/include_v1.0/common/mavlink_msg_highres_imu.h" />
		<Unit filename="../OpenAVRc/thirdparty/GCS_MAVLink/include_v1.0/common/mavlink_msg_hil_controls.h" />
		<Unit filename="../OpenAVRc/thirdparty/GCS_MAVLink/include_v1.0/common/mavlink_msg_hil_gps.h" />
		<Unit filename="../OpenAVRc/thirdparty/GCS_MAVLink/include_v1.0/common/mavlink_msg_hil_optical_flow.h" />
		<Unit filename="../OpenAVRc/thirdparty/GCS_MAVLink/include_v1.0/common/mavlink_msg_hil_rc_inputs_raw.h" />
		<Unit filename="../OpenAVRc/thirdparty/GCS_MAVLink/include_v1.0/common/mavlink_msg_hil_sensor.h" />
		<Unit filename="../OpenAVRc/thirdparty/GCS_MAVLink/include_v1.0/common/mavlink_msg_hil_state.h" />
		<Unit filename="../OpenAVRc/thirdparty/GCS_MAVLink/include_v1.0/common/mavlink_msg_hil_state_quaternion.h" />
		<Unit filename="../OpenAVRc/thirdparty/GCS_MAVLink/include_v1.0/common/mavlink_msg_local_position_ned.h" />
		<Unit filename="../OpenAVRc/thirdparty/GCS_MAVLink/include_v1.0/common/mavlink_msg_local_position_ned_system_global_offset.h" />
		<Unit filename="../OpenAVRc/thirdparty/GCS_MAVLink/include_v1.0/common/mavlink_msg_local_position_setpoint.h" />
		<Unit filename="../OpenAVRc/thirdparty/GCS_MAVLink/include_v1.0/common/mavlink_msg_manual_control.h" />
		<Unit filename="../OpenAVRc/thirdparty/GCS_MAVLink/include_v1.0/common/mavlink_msg_manual_setpoint.h" />
		<Unit filename="../OpenAVRc/thirdparty/GCS_MAVLink/include_v1.0/common/mavlink_msg_memory_vect.h" />
		<Unit filename="../OpenAVRc/thirdparty/GCS_MAVLink/include_v1.0/common/mavlink_msg_mission_ack.h" />
		<Unit filename="../OpenAVRc/thirdparty/GCS_MAVLink/include_v1.0/common/mavlink_msg_mission_clear_all.h" />
		<Unit filename="../OpenAVRc/thirdparty/GCS_MAVLink/include_v1.0/common/mavlink_msg_mission_count.h" />
		<Unit filename="../OpenAVRc/thirdparty/GCS_MAVLink/include_v1.0/common/mavlink_msg_mission_current.h" />
		<Unit filename="../OpenAVRc/thirdparty/GCS_MAVLink/include_v1.0/common/mavlink_msg_mission_item.h" />
		<Unit filename="../OpenAVRc/thirdparty/GCS_MAVLink/include_v1.0/common/mavlink_msg_mission_item_reached.h" />
		<Unit filename="../OpenAVRc/thirdparty/GCS_MAVLink/include_v1.0/common/mavlink_msg_mission_request.h" />
		<Unit filename="../OpenAVRc/thirdparty/GCS_MAVLink/include_v1.0/common/mavlink_msg_mission_request_list.h" />
		<Unit filename="../OpenAVRc/thirdparty/GCS_MAVLink/include_v1.0/common/mavlink_msg_mission_request_partial_list.h" />
		<Unit filename="../OpenAVRc/thirdparty/GCS_MAVLink/include_v1.0/common/mavlink_msg_mission_set_current.h" />
		<Unit filename="../OpenAVRc/thirdparty/GCS_MAVLink/include_v1.0/common/mavlink_msg_mission_write_partial_list.h" />
		<Unit filename="../OpenAVRc/thirdparty/GCS_MAVLink/include_v1.0/common/mavlink_msg_named_value_float.h" />
		<Unit filename="../OpenAVRc/thirdparty/GCS_MAVLink/include_v1.0/common/mavlink_msg_named_value_int.h" />
		<Unit filename="../OpenAVRc/thirdparty/GCS_MAVLink/include_v1.0/common/mavlink_msg_nav_controller_output.h" />
		<Unit filename="../OpenAVRc/thirdparty/GCS_MAVLink/include_v1.0/common/mavlink_msg_omnidirectional_flow.h" />
		<Unit filename="../OpenAVRc/thirdparty/GCS_MAVLink/include_v1.0/common/mavlink_msg_optical_flow.h" />
		<Unit filename="../OpenAVRc/thirdparty/GCS_MAVLink/include_v1.0/common/mavlink_msg_param_request_list.h" />
		<Unit filename="../OpenAVRc/thirdparty/GCS_MAVLink/include_v1.0/common/mavlink_msg_param_request_read.h" />
		<Unit filename="../OpenAVRc/thirdparty/GCS_MAVLink/include_v1.0/common/mavlink_msg_param_set.h" />
		<Unit filename="../OpenAVRc/thirdparty/GCS_MAVLink/include_v1.0/common/mavlink_msg_param_value.h" />
		<Unit filename="../OpenAVRc/thirdparty/GCS_MAVLink/include_v1.0/common/mavlink_msg_ping.h" />
		<Unit filename="../OpenAVRc/thirdparty/GCS_MAVLink/include_v1.0/common/mavlink_msg_radio_status.h" />
		<Unit filename="../OpenAVRc/thirdparty/GCS_MAVLink/include_v1.0/common/mavlink_msg_raw_imu.h" />
		<Unit filename="../OpenAVRc/thirdparty/GCS_MAVLink/include_v1.0/common/mavlink_msg_raw_pressure.h" />
		<Unit filename="../OpenAVRc/thirdparty/GCS_MAVLink/include_v1.0/common/mavlink_msg_rc_channels_override.h" />
		<Unit filename="../OpenAVRc/thirdparty/GCS_MAVLink/include_v1.0/common/mavlink_msg_rc_channels_raw.h" />
		<Unit filename="../OpenAVRc/thirdparty/GCS_MAVLink/include_v1.0/common/mavlink_msg_rc_channels_scaled.h" />
		<Unit filename="../OpenAVRc/thirdparty/GCS_MAVLink/include_v1.0/common/mavlink_msg_request_data_stream.h" />
		<Unit filename="../OpenAVRc/thirdparty/GCS_MAVLink/include_v1.0/common/mavlink_msg_roll_pitch_yaw_rates_thrust_setpoint.h" />
		<Unit filename="../OpenAVRc/thirdparty/GCS_MAVLink/include_v1.0/common/mavlink_msg_roll_pitch_yaw_speed_thrust_setpoint.h" />
		<Unit filename="../OpenAVRc/thirdparty/GCS_MAVLink/include_v1.0/common/mavlink_msg_roll_pitch_yaw_thrust_setpoint.h" />
		<Unit filename="../OpenAVRc/thirdparty/GCS_MAVLink/include_v1.0/common/mavlink_msg_safety_allowed_area.h" />
		<Unit filename="../OpenAVRc/thirdparty/GCS_MAVLink/include_v1.0/common/mavlink_msg_safety_set_allowed_area.h" />
		<Unit filename="../OpenAVRc/thirdparty/GCS_MAVLink/include_v1.0/common/mavlink_msg_scaled_imu.h" />
		<Unit filename="../OpenAVRc/thirdparty/GCS_MAVLink/include_v1.0/common/mavlink_msg_scaled_pressure.h" />
		<Unit filename="../OpenAVRc/thirdparty/GCS_MAVLink/include_v1.0/common/mavlink_msg_servo_output_raw.h" />
		<Unit filename="../OpenAVRc/thirdparty/GCS_MAVLink/include_v1.0/common/mavlink_msg_set_global_position_setpoint_int.h" />
		<Unit filename="../OpenAVRc/thirdparty/GCS_MAVLink/include_v1.0/common/mavlink_msg_set_gps_global_origin.h" />
		<Unit filename="../OpenAVRc/thirdparty/GCS_MAVLink/include_v1.0/common/mavlink_msg_set_local_position_setpoint.h" />
		<Unit filename="../OpenAVRc/thirdparty/GCS_MAVLink/include_v1.0/common/mavlink_msg_set_mode.h" />
		<Unit filename="../OpenAVRc/thirdparty/GCS_MAVLink/include_v1.0/common/mavlink_msg_set_quad_motors_setpoint.h" />
		<Unit filename="../OpenAVRc/thirdparty/GCS_MAVLink/include_v1.0/common/mavlink_msg_set_quad_swarm_led_roll_pitch_yaw_thrust.h" />
		<Unit filename="../OpenAVRc/thirdparty/GCS_MAVLink/include_v1.0/common/mavlink_msg_set_quad_swarm_roll_pitch_yaw_thrust.h" />
		<Unit filename="../OpenAVRc/thirdparty/GCS_MAVLink/include_v1.0/common/mavlink_msg_set_roll_pitch_yaw_speed_thrust.h" />
		<Unit filename="../OpenAVRc/thirdparty/GCS_MAVLink/include_v1.0/common/mavlink_msg_set_roll_pitch_yaw_thrust.h" />
		<Unit filename="../OpenAVRc/thirdparty/GCS_MAVLink/include_v1.0/common/mavlink_msg_setpoint_6dof.h" />
		<Unit filename="../OpenAVRc/thirdparty/GCS_MAVLink/include_v1.0/common/mavlink_msg_setpoint_8dof.h" />
		<Unit filename="../OpenAVRc/thirdparty/GCS_MAVLink/include_v1.0/common/mavlink_msg_sim_state.h" />
		<Unit filename="../OpenAVRc/thirdparty/GCS_MAVLink/include_v1.0/common/mavlink_msg_state_correction.h" />
		<Unit filename="../OpenAVRc/thirdparty/GCS_MAVLink/include_v1.0/common/mavlink_msg_statustext.h" />
		<Unit filename="../OpenAVRc/thirdparty/GCS_MAVLink/include_v1.0/common/mavlink_msg_sys_status.h" />
		<Unit filename="../OpenAVRc/thirdparty/GCS_MAVLink/include_v1.0/common/mavlink_msg_system_time.h" />
		<Unit filename="../OpenAVRc/thirdparty/GCS_MAVLink/include_v1.0/common/mavlink_msg_vfr_hud.h" />
		<Unit filename="../OpenAVRc/thirdparty/GCS_MAVLink/include_v1.0/common/mavlink_msg_vicon_position_estimate.h" />
		<Unit filename="../OpenAVRc/thirdparty/GCS_MAVLink/include_v1.0/common/mavlink_msg_vision_position_estimate.h" />
		<Unit filename="../OpenAVRc/thirdparty/GCS_MAVLink/include_v1.0/common/mavlink_msg_vision_speed_estimate.h" />
		<Unit filename="../OpenAVRc/thirdparty/GCS_MAVLink/include_v1.0/common/testsuite.h" />
		<Unit filename="../OpenAVRc/thirdparty/GCS_MAVLink/include_v1.0/common/version.h" />
		<Unit filename="../OpenAVRc/thirdparty/GCS_MAVLink/include_v1.0/mavlink_conversions.h" />
		<Unit filename="../OpenAVRc/thirdparty/GCS_MAVLink/include_v1.0/mavlink_helpers.h" />
		<Unit filename="../OpenAVRc/thirdparty/GCS_MAVLink/include_v1.0/mavlink_protobuf_manager.hpp" />
		<Unit filename="../OpenAVRc/thirdparty/GCS_MAVLink/include_v1.0/mavlink_types.h" />
		<Unit filename="../OpenAVRc/thirdparty/GCS_MAVLink/include_v1.0/protocol.h" />
		<Unit filename="../OpenAVRc/timers.cpp" />
		<Unit filename="../OpenAVRc/timers.h" />
		<Unit filename="../OpenAVRc/trainer_input.cpp" />
		<Unit filename="../OpenAVRc/trainer_input.h" />
		<Unit filename="../OpenAVRc/translations.cpp" />
		<Unit filename="../OpenAVRc/translations.h" />
		<Unit filename="../OpenAVRc/translations/cz.h" />
		<Unit filename="../OpenAVRc/translations/de.h" />
		<Unit filename="../OpenAVRc/translations/en.h" />
		<Unit filename="../OpenAVRc/translations/es.h" />
		<Unit filename="../OpenAVRc/translations/fi.h" />
		<Unit filename="../OpenAVRc/translations/fr.h" />
		<Unit filename="../OpenAVRc/translations/it.h" />
		<Unit filename="../OpenAVRc/translations/nl.h" />
		<Unit filename="../OpenAVRc/translations/pl.h" />
		<Unit filename="../OpenAVRc/translations/pt.h" />
		<Unit filename="../OpenAVRc/translations/se.h" />
		<Unit filename="../OpenAVRc/translations/tts_fr.cpp" />
		<Unit filename="../OpenAVRc/vario.cpp" />
		<Unit filename="GvarsFrame.cpp" />
		<Unit filename="GvarsFrame.h" />
		<Unit filename="MixerFrame.cpp" />
		<Unit filename="MixerFrame.h" />
		<Unit filename="OpenAVRc_SimulatorApp.cpp" />
		<Unit filename="OpenAVRc_SimulatorApp.h" />
		<Unit filename="OpenAVRc_SimulatorMain.cpp" />
		<Unit filename="OpenAVRc_SimulatorMain.h" />
		<Unit filename="OutBarsFrame.cpp" />
		<Unit filename="OutBarsFrame.h" />
		<Unit filename="RadioDataFrame.cpp" />
		<Unit filename="RadioDataFrame.h" />
		<Unit filename="Spin.cpp" />
		<Unit filename="Spin.h" />
		<Unit filename="resource.rc">
			<Option compilerVar="WINDRES" />
		</Unit>
		<Unit filename="wxsmith/GvarsFrame.wxs" />
		<Unit filename="wxsmith/MixerFrame.wxs" />
		<Unit filename="wxsmith/OpenAVRc_Simulatorframe.wxs" />
		<Unit filename="wxsmith/OutBarsFrame.wxs" />
		<Unit filename="wxsmith/RadioDataFrame.wxs" />
		<Extensions>
			<code_completion />
			<envvars />
			<debugger />
			<lib_finder disable_auto="1" />
			<wxsmith version="1">
				<gui name="wxWidgets" src="OpenAVRc_SimulatorApp.cpp" main="OpenAVRc_SimulatorFrame" init_handlers="necessary" language="CPP" />
				<resources>
					<wxFrame wxs="wxsmith/OpenAVRc_Simulatorframe.wxs" src="OpenAVRc_SimulatorMain.cpp" hdr="OpenAVRc_SimulatorMain.h" fwddecl="0" i18n="1" name="OpenAVRc_SimulatorFrame" language="CPP" />
					<wxFrame wxs="wxsmith/MixerFrame.wxs" src="MixerFrame.cpp" hdr="MixerFrame.h" fwddecl="0" i18n="1" name="MixerFrame" language="CPP" />
					<wxFrame wxs="wxsmith/OutBarsFrame.wxs" src="OutBarsFrame.cpp" hdr="OutBarsFrame.h" fwddecl="0" i18n="1" name="OutBarsFrame" language="CPP" />
					<wxFrame wxs="wxsmith/GvarsFrame.wxs" src="GvarsFrame.cpp" hdr="GvarsFrame.h" fwddecl="0" i18n="1" name="GvarsFrame" language="CPP" />
					<wxFrame wxs="wxsmith/RadioDataFrame.wxs" src="RadioDataFrame.cpp" hdr="RadioDataFrame.h" fwddecl="0" i18n="1" name="RadioDataFrame" language="CPP" />
				</resources>
			</wxsmith>
		</Extensions>
	</Project>
</CodeBlocks_project_file>
